// !$*UTF8*$!
{
	archiveVersion = 1;
	classes = {
	};
	objectVersion = 56;
	objects = {

/* Begin PBXBuildFile section */
		AA43B5552B0BAF2600F2ADD8 /* SearchResultsViewController.swift in Sources */ = {isa = PBXBuildFile; fileRef = AA43B5542B0BAF2600F2ADD8 /* SearchResultsViewController.swift */; };
		AA4C68EE2B0C95F200E322F9 /* APICallerProtocol.swift in Sources */ = {isa = PBXBuildFile; fileRef = AA4C68ED2B0C95F200E322F9 /* APICallerProtocol.swift */; };
		AA4C68F12B0C96F400E322F9 /* Constants.swift in Sources */ = {isa = PBXBuildFile; fileRef = AA4C68F02B0C96F400E322F9 /* Constants.swift */; };
		AA4C68F42B0C973D00E322F9 /* Enums.swift in Sources */ = {isa = PBXBuildFile; fileRef = AA4C68F32B0C973D00E322F9 /* Enums.swift */; };
		AA5905ED2B07A7BB0098971C /* AppDelegate.swift in Sources */ = {isa = PBXBuildFile; fileRef = AA5905EC2B07A7BB0098971C /* AppDelegate.swift */; };
		AA5905EF2B07A7BB0098971C /* SceneDelegate.swift in Sources */ = {isa = PBXBuildFile; fileRef = AA5905EE2B07A7BB0098971C /* SceneDelegate.swift */; };
		AA5905F12B07A7BB0098971C /* MainTabBarViewController.swift in Sources */ = {isa = PBXBuildFile; fileRef = AA5905F02B07A7BB0098971C /* MainTabBarViewController.swift */; };
		AA5905F62B07A7BC0098971C /* Assets.xcassets in Resources */ = {isa = PBXBuildFile; fileRef = AA5905F52B07A7BC0098971C /* Assets.xcassets */; };
		AA5905F92B07A7BC0098971C /* LaunchScreen.storyboard in Resources */ = {isa = PBXBuildFile; fileRef = AA5905F72B07A7BC0098971C /* LaunchScreen.storyboard */; };
		AA5906022B07A96B0098971C /* HomeViewController.swift in Sources */ = {isa = PBXBuildFile; fileRef = AA5906012B07A96B0098971C /* HomeViewController.swift */; };
		AA5906042B07A9BD0098971C /* UpComingViewController.swift in Sources */ = {isa = PBXBuildFile; fileRef = AA5906032B07A9BD0098971C /* UpComingViewController.swift */; };
		AA5906062B07A9E10098971C /* SearchViewController.swift in Sources */ = {isa = PBXBuildFile; fileRef = AA5906052B07A9E10098971C /* SearchViewController.swift */; };
		AA5906082B07AA020098971C /* DownloadsViewController.swift in Sources */ = {isa = PBXBuildFile; fileRef = AA5906072B07AA020098971C /* DownloadsViewController.swift */; };
		AA59060F2B07B0E20098971C /* CollectionViewTableViewCell.swift in Sources */ = {isa = PBXBuildFile; fileRef = AA59060E2B07B0E20098971C /* CollectionViewTableViewCell.swift */; };
		AA5906112B07B64F0098971C /* HeroHeaderUIView.swift in Sources */ = {isa = PBXBuildFile; fileRef = AA5906102B07B64F0098971C /* HeroHeaderUIView.swift */; };
		AABBF0D32B0B365900A0020F /* TitleCollectionViewCell.swift in Sources */ = {isa = PBXBuildFile; fileRef = AABBF0D22B0B365900A0020F /* TitleCollectionViewCell.swift */; };
		AABBF0D62B0B37C300A0020F /* SDWebImage in Frameworks */ = {isa = PBXBuildFile; productRef = AABBF0D52B0B37C300A0020F /* SDWebImage */; };
		AABBF0D82B0B37C300A0020F /* SDWebImageMapKit in Frameworks */ = {isa = PBXBuildFile; productRef = AABBF0D72B0B37C300A0020F /* SDWebImageMapKit */; };
		AABBF0DA2B0B70A100A0020F /* TitleTableViewCell.swift in Sources */ = {isa = PBXBuildFile; fileRef = AABBF0D92B0B70A100A0020F /* TitleTableViewCell.swift */; };
		AABBF0DC2B0B733900A0020F /* TitleViewModel.swift in Sources */ = {isa = PBXBuildFile; fileRef = AABBF0DB2B0B733900A0020F /* TitleViewModel.swift */; };
		AAE45A5C2B0A70450049E51C /* APICaller.swift in Sources */ = {isa = PBXBuildFile; fileRef = AAE45A5B2B0A70450049E51C /* APICaller.swift */; };
		AAE45A5E2B0A76E00049E51C /* Title.swift in Sources */ = {isa = PBXBuildFile; fileRef = AAE45A5D2B0A76E00049E51C /* Title.swift */; };
		AAE45A602B0A7BF90049E51C /* StringExtensions.swift in Sources */ = {isa = PBXBuildFile; fileRef = AAE45A5F2B0A7BF90049E51C /* StringExtensions.swift */; };
		AAFCAADC2B0E4701000F9786 /* YoutubeSearchResponse.swift in Sources */ = {isa = PBXBuildFile; fileRef = AAFCAADB2B0E4701000F9786 /* YoutubeSearchResponse.swift */; };
		AAFCAADE2B0E49CB000F9786 /* TitlePreviewViewController.swift in Sources */ = {isa = PBXBuildFile; fileRef = AAFCAADD2B0E49CB000F9786 /* TitlePreviewViewController.swift */; };
/* End PBXBuildFile section */

/* Begin PBXFileReference section */
		AA43B5542B0BAF2600F2ADD8 /* SearchResultsViewController.swift */ = {isa = PBXFileReference; lastKnownFileType = sourcecode.swift; path = SearchResultsViewController.swift; sourceTree = "<group>"; };
		AA4C68ED2B0C95F200E322F9 /* APICallerProtocol.swift */ = {isa = PBXFileReference; lastKnownFileType = sourcecode.swift; path = APICallerProtocol.swift; sourceTree = "<group>"; };
		AA4C68F02B0C96F400E322F9 /* Constants.swift */ = {isa = PBXFileReference; lastKnownFileType = sourcecode.swift; path = Constants.swift; sourceTree = "<group>"; };
		AA4C68F32B0C973D00E322F9 /* Enums.swift */ = {isa = PBXFileReference; lastKnownFileType = sourcecode.swift; path = Enums.swift; sourceTree = "<group>"; };
		AA5905E92B07A7BB0098971C /* NetflixClone ProgrammaticUI.app */ = {isa = PBXFileReference; explicitFileType = wrapper.application; includeInIndex = 0; path = "NetflixClone ProgrammaticUI.app"; sourceTree = BUILT_PRODUCTS_DIR; };
		AA5905EC2B07A7BB0098971C /* AppDelegate.swift */ = {isa = PBXFileReference; lastKnownFileType = sourcecode.swift; path = AppDelegate.swift; sourceTree = "<group>"; };
		AA5905EE2B07A7BB0098971C /* SceneDelegate.swift */ = {isa = PBXFileReference; lastKnownFileType = sourcecode.swift; path = SceneDelegate.swift; sourceTree = "<group>"; };
		AA5905F02B07A7BB0098971C /* MainTabBarViewController.swift */ = {isa = PBXFileReference; lastKnownFileType = sourcecode.swift; path = MainTabBarViewController.swift; sourceTree = "<group>"; };
		AA5905F52B07A7BC0098971C /* Assets.xcassets */ = {isa = PBXFileReference; lastKnownFileType = folder.assetcatalog; path = Assets.xcassets; sourceTree = "<group>"; };
		AA5905F82B07A7BC0098971C /* Base */ = {isa = PBXFileReference; lastKnownFileType = file.storyboard; name = Base; path = Base.lproj/LaunchScreen.storyboard; sourceTree = "<group>"; };
		AA5905FA2B07A7BC0098971C /* Info.plist */ = {isa = PBXFileReference; lastKnownFileType = text.plist.xml; path = Info.plist; sourceTree = "<group>"; };
		AA5906012B07A96B0098971C /* HomeViewController.swift */ = {isa = PBXFileReference; lastKnownFileType = sourcecode.swift; path = HomeViewController.swift; sourceTree = "<group>"; };
		AA5906032B07A9BD0098971C /* UpComingViewController.swift */ = {isa = PBXFileReference; lastKnownFileType = sourcecode.swift; path = UpComingViewController.swift; sourceTree = "<group>"; };
		AA5906052B07A9E10098971C /* SearchViewController.swift */ = {isa = PBXFileReference; lastKnownFileType = sourcecode.swift; path = SearchViewController.swift; sourceTree = "<group>"; };
		AA5906072B07AA020098971C /* DownloadsViewController.swift */ = {isa = PBXFileReference; lastKnownFileType = sourcecode.swift; path = DownloadsViewController.swift; sourceTree = "<group>"; };
		AA59060E2B07B0E20098971C /* CollectionViewTableViewCell.swift */ = {isa = PBXFileReference; lastKnownFileType = sourcecode.swift; path = CollectionViewTableViewCell.swift; sourceTree = "<group>"; };
		AA5906102B07B64F0098971C /* HeroHeaderUIView.swift */ = {isa = PBXFileReference; lastKnownFileType = sourcecode.swift; path = HeroHeaderUIView.swift; sourceTree = "<group>"; };
		AABBF0D22B0B365900A0020F /* TitleCollectionViewCell.swift */ = {isa = PBXFileReference; lastKnownFileType = sourcecode.swift; path = TitleCollectionViewCell.swift; sourceTree = "<group>"; };
		AABBF0D92B0B70A100A0020F /* TitleTableViewCell.swift */ = {isa = PBXFileReference; lastKnownFileType = sourcecode.swift; path = TitleTableViewCell.swift; sourceTree = "<group>"; };
		AABBF0DB2B0B733900A0020F /* TitleViewModel.swift */ = {isa = PBXFileReference; lastKnownFileType = sourcecode.swift; path = TitleViewModel.swift; sourceTree = "<group>"; };
		AAE45A5B2B0A70450049E51C /* APICaller.swift */ = {isa = PBXFileReference; lastKnownFileType = sourcecode.swift; path = APICaller.swift; sourceTree = "<group>"; };
		AAE45A5D2B0A76E00049E51C /* Title.swift */ = {isa = PBXFileReference; lastKnownFileType = sourcecode.swift; path = Title.swift; sourceTree = "<group>"; };
		AAE45A5F2B0A7BF90049E51C /* StringExtensions.swift */ = {isa = PBXFileReference; lastKnownFileType = sourcecode.swift; path = StringExtensions.swift; sourceTree = "<group>"; };
		AAFCAADB2B0E4701000F9786 /* YoutubeSearchResponse.swift */ = {isa = PBXFileReference; lastKnownFileType = sourcecode.swift; path = YoutubeSearchResponse.swift; sourceTree = "<group>"; };
		AAFCAADD2B0E49CB000F9786 /* TitlePreviewViewController.swift */ = {isa = PBXFileReference; lastKnownFileType = sourcecode.swift; path = TitlePreviewViewController.swift; sourceTree = "<group>"; };
/* End PBXFileReference section */

/* Begin PBXFrameworksBuildPhase section */
		AA5905E62B07A7BB0098971C /* Frameworks */ = {
			isa = PBXFrameworksBuildPhase;
			buildActionMask = 2147483647;
			files = (
				AABBF0D82B0B37C300A0020F /* SDWebImageMapKit in Frameworks */,
				AABBF0D62B0B37C300A0020F /* SDWebImage in Frameworks */,
			);
			runOnlyForDeploymentPostprocessing = 0;
		};
/* End PBXFrameworksBuildPhase section */

/* Begin PBXGroup section */
		AA43B5562B0BAF4B00F2ADD8 /* Core */ = {
			isa = PBXGroup;
			children = (
				AA5906012B07A96B0098971C /* HomeViewController.swift */,
				AA5906032B07A9BD0098971C /* UpComingViewController.swift */,
				AA5906052B07A9E10098971C /* SearchViewController.swift */,
				AA5906072B07AA020098971C /* DownloadsViewController.swift */,
				AA5905F02B07A7BB0098971C /* MainTabBarViewController.swift */,
			);
			path = Core;
			sourceTree = "<group>";
		};
		AA43B5572B0BAF7B00F2ADD8 /* General */ = {
			isa = PBXGroup;
			children = (
				AA43B5542B0BAF2600F2ADD8 /* SearchResultsViewController.swift */,
				AAFCAADD2B0E49CB000F9786 /* TitlePreviewViewController.swift */,
			);
			path = General;
			sourceTree = "<group>";
		};
		AA4C68EF2B0C96DC00E322F9 /* Constants */ = {
			isa = PBXGroup;
			children = (
				AA4C68F02B0C96F400E322F9 /* Constants.swift */,
			);
			path = Constants;
			sourceTree = "<group>";
		};
		AA4C68F22B0C973100E322F9 /* Enums */ = {
			isa = PBXGroup;
			children = (
				AA4C68F32B0C973D00E322F9 /* Enums.swift */,
			);
			path = Enums;
			sourceTree = "<group>";
		};
		AA5905E02B07A7BB0098971C = {
			isa = PBXGroup;
			children = (
				AA5905EB2B07A7BB0098971C /* NetflixClone ProgrammaticUI */,
				AA5905EA2B07A7BB0098971C /* Products */,
			);
			sourceTree = "<group>";
		};
		AA5905EA2B07A7BB0098971C /* Products */ = {
			isa = PBXGroup;
			children = (
				AA5905E92B07A7BB0098971C /* NetflixClone ProgrammaticUI.app */,
			);
			name = Products;
			sourceTree = "<group>";
		};
		AA5905EB2B07A7BB0098971C /* NetflixClone ProgrammaticUI */ = {
			isa = PBXGroup;
			children = (
				AA59060B2B07B05F0098971C /* Models */,
				AA5906092B07B0500098971C /* Views */,
				AA59060A2B07B0570098971C /* ViewModels */,
				AA5906002B07A9500098971C /* Controllers */,
				AA5905EC2B07A7BB0098971C /* AppDelegate.swift */,
				AA5905EE2B07A7BB0098971C /* SceneDelegate.swift */,
				AA5905F72B07A7BC0098971C /* LaunchScreen.storyboard */,
				AABBF0DD2B0B7FA900A0020F /* Extensions */,
				AA59060D2B07B07D0098971C /* Managers */,
				AA59060C2B07B0730098971C /* Resources */,
				AA4C68EF2B0C96DC00E322F9 /* Constants */,
				AA4C68F22B0C973100E322F9 /* Enums */,
			);
			path = "NetflixClone ProgrammaticUI";
			sourceTree = "<group>";
		};
		AA5906002B07A9500098971C /* Controllers */ = {
			isa = PBXGroup;
			children = (
				AA43B5562B0BAF4B00F2ADD8 /* Core */,
				AA43B5572B0BAF7B00F2ADD8 /* General */,
			);
			path = Controllers;
			sourceTree = "<group>";
		};
		AA5906092B07B0500098971C /* Views */ = {
			isa = PBXGroup;
			children = (
				AA59060E2B07B0E20098971C /* CollectionViewTableViewCell.swift */,
				AA5906102B07B64F0098971C /* HeroHeaderUIView.swift */,
				AABBF0D22B0B365900A0020F /* TitleCollectionViewCell.swift */,
				AABBF0D92B0B70A100A0020F /* TitleTableViewCell.swift */,
			);
			path = Views;
			sourceTree = "<group>";
		};
		AA59060A2B07B0570098971C /* ViewModels */ = {
			isa = PBXGroup;
			children = (
				AABBF0DB2B0B733900A0020F /* TitleViewModel.swift */,
			);
			path = ViewModels;
			sourceTree = "<group>";
		};
		AA59060B2B07B05F0098971C /* Models */ = {
			isa = PBXGroup;
			children = (
				AAE45A5D2B0A76E00049E51C /* Title.swift */,
				AAFCAADB2B0E4701000F9786 /* YoutubeSearchResponse.swift */,
			);
			path = Models;
			sourceTree = "<group>";
		};
		AA59060C2B07B0730098971C /* Resources */ = {
			isa = PBXGroup;
			children = (
				AA5905F52B07A7BC0098971C /* Assets.xcassets */,
				AA5905FA2B07A7BC0098971C /* Info.plist */,
			);
			path = Resources;
			sourceTree = "<group>";
		};
		AA59060D2B07B07D0098971C /* Managers */ = {
			isa = PBXGroup;
			children = (
				AA4C68ED2B0C95F200E322F9 /* APICallerProtocol.swift */,
				AAE45A5B2B0A70450049E51C /* APICaller.swift */,
			);
			path = Managers;
			sourceTree = "<group>";
		};
		AABBF0DD2B0B7FA900A0020F /* Extensions */ = {
			isa = PBXGroup;
			children = (
				AAE45A5F2B0A7BF90049E51C /* StringExtensions.swift */,
			);
			path = Extensions;
			sourceTree = "<group>";
		};
/* End PBXGroup section */

/* Begin PBXNativeTarget section */
		AA5905E82B07A7BB0098971C /* NetflixClone ProgrammaticUI */ = {
			isa = PBXNativeTarget;
			buildConfigurationList = AA5905FD2B07A7BC0098971C /* Build configuration list for PBXNativeTarget "NetflixClone ProgrammaticUI" */;
			buildPhases = (
				AA5905E52B07A7BB0098971C /* Sources */,
				AA5905E62B07A7BB0098971C /* Frameworks */,
				AA5905E72B07A7BB0098971C /* Resources */,
			);
			buildRules = (
			);
			dependencies = (
			);
			name = "NetflixClone ProgrammaticUI";
			packageProductDependencies = (
				AABBF0D52B0B37C300A0020F /* SDWebImage */,
				AABBF0D72B0B37C300A0020F /* SDWebImageMapKit */,
			);
			productName = "NetflixClone ProgrammaticUI";
			productReference = AA5905E92B07A7BB0098971C /* NetflixClone ProgrammaticUI.app */;
			productType = "com.apple.product-type.application";
		};
/* End PBXNativeTarget section */

/* Begin PBXProject section */
		AA5905E12B07A7BB0098971C /* Project object */ = {
			isa = PBXProject;
			attributes = {
				BuildIndependentTargetsInParallel = 1;
				LastSwiftUpdateCheck = 1500;
				LastUpgradeCheck = 1500;
				TargetAttributes = {
					AA5905E82B07A7BB0098971C = {
						CreatedOnToolsVersion = 15.0;
					};
				};
			};
			buildConfigurationList = AA5905E42B07A7BB0098971C /* Build configuration list for PBXProject "NetflixClone ProgrammaticUI" */;
			compatibilityVersion = "Xcode 14.0";
			developmentRegion = en;
			hasScannedForEncodings = 0;
			knownRegions = (
				en,
				Base,
			);
			mainGroup = AA5905E02B07A7BB0098971C;
			packageReferences = (
				AABBF0D42B0B37C300A0020F /* XCRemoteSwiftPackageReference "SDWebImage" */,
			);
			productRefGroup = AA5905EA2B07A7BB0098971C /* Products */;
			projectDirPath = "";
			projectRoot = "";
			targets = (
				AA5905E82B07A7BB0098971C /* NetflixClone ProgrammaticUI */,
			);
		};
/* End PBXProject section */

/* Begin PBXResourcesBuildPhase section */
		AA5905E72B07A7BB0098971C /* Resources */ = {
			isa = PBXResourcesBuildPhase;
			buildActionMask = 2147483647;
			files = (
				AA5905F92B07A7BC0098971C /* LaunchScreen.storyboard in Resources */,
				AA5905F62B07A7BC0098971C /* Assets.xcassets in Resources */,
			);
			runOnlyForDeploymentPostprocessing = 0;
		};
/* End PBXResourcesBuildPhase section */

/* Begin PBXSourcesBuildPhase section */
		AA5905E52B07A7BB0098971C /* Sources */ = {
			isa = PBXSourcesBuildPhase;
			buildActionMask = 2147483647;
			files = (
				AABBF0DA2B0B70A100A0020F /* TitleTableViewCell.swift in Sources */,
				AA5906062B07A9E10098971C /* SearchViewController.swift in Sources */,
				AAFCAADE2B0E49CB000F9786 /* TitlePreviewViewController.swift in Sources */,
				AABBF0D32B0B365900A0020F /* TitleCollectionViewCell.swift in Sources */,
				AA5905F12B07A7BB0098971C /* MainTabBarViewController.swift in Sources */,
				AA59060F2B07B0E20098971C /* CollectionViewTableViewCell.swift in Sources */,
				AAE45A5C2B0A70450049E51C /* APICaller.swift in Sources */,
				AA5906112B07B64F0098971C /* HeroHeaderUIView.swift in Sources */,
				AA5906082B07AA020098971C /* DownloadsViewController.swift in Sources */,
				AAFCAADC2B0E4701000F9786 /* YoutubeSearchResponse.swift in Sources */,
				AA5905ED2B07A7BB0098971C /* AppDelegate.swift in Sources */,
				AA43B5552B0BAF2600F2ADD8 /* SearchResultsViewController.swift in Sources */,
				AAE45A602B0A7BF90049E51C /* StringExtensions.swift in Sources */,
				AA5906042B07A9BD0098971C /* UpComingViewController.swift in Sources */,
				AA5905EF2B07A7BB0098971C /* SceneDelegate.swift in Sources */,
				AAE45A5E2B0A76E00049E51C /* Title.swift in Sources */,
				AA4C68EE2B0C95F200E322F9 /* APICallerProtocol.swift in Sources */,
				AA5906022B07A96B0098971C /* HomeViewController.swift in Sources */,
				AABBF0DC2B0B733900A0020F /* TitleViewModel.swift in Sources */,
				AA4C68F12B0C96F400E322F9 /* Constants.swift in Sources */,
				AA4C68F42B0C973D00E322F9 /* Enums.swift in Sources */,
			);
			runOnlyForDeploymentPostprocessing = 0;
		};
/* End PBXSourcesBuildPhase section */

/* Begin PBXVariantGroup section */
		AA5905F72B07A7BC0098971C /* LaunchScreen.storyboard */ = {
			isa = PBXVariantGroup;
			children = (
				AA5905F82B07A7BC0098971C /* Base */,
			);
			name = LaunchScreen.storyboard;
			sourceTree = "<group>";
		};
/* End PBXVariantGroup section */

/* Begin XCBuildConfiguration section */
		AA5905FB2B07A7BC0098971C /* Debug */ = {
			isa = XCBuildConfiguration;
			buildSettings = {
				ALWAYS_SEARCH_USER_PATHS = NO;
				ASSETCATALOG_COMPILER_GENERATE_SWIFT_ASSET_SYMBOL_EXTENSIONS = YES;
				CLANG_ANALYZER_NONNULL = YES;
				CLANG_ANALYZER_NUMBER_OBJECT_CONVERSION = YES_AGGRESSIVE;
				CLANG_CXX_LANGUAGE_STANDARD = "gnu++20";
				CLANG_ENABLE_MODULES = YES;
				CLANG_ENABLE_OBJC_ARC = YES;
				CLANG_ENABLE_OBJC_WEAK = YES;
				CLANG_WARN_BLOCK_CAPTURE_AUTORELEASING = YES;
				CLANG_WARN_BOOL_CONVERSION = YES;
				CLANG_WARN_COMMA = YES;
				CLANG_WARN_CONSTANT_CONVERSION = YES;
				CLANG_WARN_DEPRECATED_OBJC_IMPLEMENTATIONS = YES;
				CLANG_WARN_DIRECT_OBJC_ISA_USAGE = YES_ERROR;
				CLANG_WARN_DOCUMENTATION_COMMENTS = YES;
				CLANG_WARN_EMPTY_BODY = YES;
				CLANG_WARN_ENUM_CONVERSION = YES;
				CLANG_WARN_INFINITE_RECURSION = YES;
				CLANG_WARN_INT_CONVERSION = YES;
				CLANG_WARN_NON_LITERAL_NULL_CONVERSION = YES;
				CLANG_WARN_OBJC_IMPLICIT_RETAIN_SELF = YES;
				CLANG_WARN_OBJC_LITERAL_CONVERSION = YES;
				CLANG_WARN_OBJC_ROOT_CLASS = YES_ERROR;
				CLANG_WARN_QUOTED_INCLUDE_IN_FRAMEWORK_HEADER = YES;
				CLANG_WARN_RANGE_LOOP_ANALYSIS = YES;
				CLANG_WARN_STRICT_PROTOTYPES = YES;
				CLANG_WARN_SUSPICIOUS_MOVE = YES;
				CLANG_WARN_UNGUARDED_AVAILABILITY = YES_AGGRESSIVE;
				CLANG_WARN_UNREACHABLE_CODE = YES;
				CLANG_WARN__DUPLICATE_METHOD_MATCH = YES;
				COPY_PHASE_STRIP = NO;
				DEBUG_INFORMATION_FORMAT = dwarf;
				ENABLE_STRICT_OBJC_MSGSEND = YES;
				ENABLE_TESTABILITY = YES;
				ENABLE_USER_SCRIPT_SANDBOXING = YES;
				GCC_C_LANGUAGE_STANDARD = gnu17;
				GCC_DYNAMIC_NO_PIC = NO;
				GCC_NO_COMMON_BLOCKS = YES;
				GCC_OPTIMIZATION_LEVEL = 0;
				GCC_PREPROCESSOR_DEFINITIONS = (
					"DEBUG=1",
					"$(inherited)",
				);
				GCC_WARN_64_TO_32_BIT_CONVERSION = YES;
				GCC_WARN_ABOUT_RETURN_TYPE = YES_ERROR;
				GCC_WARN_UNDECLARED_SELECTOR = YES;
				GCC_WARN_UNINITIALIZED_AUTOS = YES_AGGRESSIVE;
				GCC_WARN_UNUSED_FUNCTION = YES;
				GCC_WARN_UNUSED_VARIABLE = YES;
				IPHONEOS_DEPLOYMENT_TARGET = 17.0;
				LOCALIZATION_PREFERS_STRING_CATALOGS = YES;
				MTL_ENABLE_DEBUG_INFO = INCLUDE_SOURCE;
				MTL_FAST_MATH = YES;
				ONLY_ACTIVE_ARCH = YES;
				SDKROOT = iphoneos;
				SWIFT_ACTIVE_COMPILATION_CONDITIONS = "DEBUG $(inherited)";
				SWIFT_OPTIMIZATION_LEVEL = "-Onone";
			};
			name = Debug;
		};
		AA5905FC2B07A7BC0098971C /* Release */ = {
			isa = XCBuildConfiguration;
			buildSettings = {
				ALWAYS_SEARCH_USER_PATHS = NO;
				ASSETCATALOG_COMPILER_GENERATE_SWIFT_ASSET_SYMBOL_EXTENSIONS = YES;
				CLANG_ANALYZER_NONNULL = YES;
				CLANG_ANALYZER_NUMBER_OBJECT_CONVERSION = YES_AGGRESSIVE;
				CLANG_CXX_LANGUAGE_STANDARD = "gnu++20";
				CLANG_ENABLE_MODULES = YES;
				CLANG_ENABLE_OBJC_ARC = YES;
				CLANG_ENABLE_OBJC_WEAK = YES;
				CLANG_WARN_BLOCK_CAPTURE_AUTORELEASING = YES;
				CLANG_WARN_BOOL_CONVERSION = YES;
				CLANG_WARN_COMMA = YES;
				CLANG_WARN_CONSTANT_CONVERSION = YES;
				CLANG_WARN_DEPRECATED_OBJC_IMPLEMENTATIONS = YES;
				CLANG_WARN_DIRECT_OBJC_ISA_USAGE = YES_ERROR;
				CLANG_WARN_DOCUMENTATION_COMMENTS = YES;
				CLANG_WARN_EMPTY_BODY = YES;
				CLANG_WARN_ENUM_CONVERSION = YES;
				CLANG_WARN_INFINITE_RECURSION = YES;
				CLANG_WARN_INT_CONVERSION = YES;
				CLANG_WARN_NON_LITERAL_NULL_CONVERSION = YES;
				CLANG_WARN_OBJC_IMPLICIT_RETAIN_SELF = YES;
				CLANG_WARN_OBJC_LITERAL_CONVERSION = YES;
				CLANG_WARN_OBJC_ROOT_CLASS = YES_ERROR;
				CLANG_WARN_QUOTED_INCLUDE_IN_FRAMEWORK_HEADER = YES;
				CLANG_WARN_RANGE_LOOP_ANALYSIS = YES;
				CLANG_WARN_STRICT_PROTOTYPES = YES;
				CLANG_WARN_SUSPICIOUS_MOVE = YES;
				CLANG_WARN_UNGUARDED_AVAILABILITY = YES_AGGRESSIVE;
				CLANG_WARN_UNREACHABLE_CODE = YES;
				CLANG_WARN__DUPLICATE_METHOD_MATCH = YES;
				COPY_PHASE_STRIP = NO;
				DEBUG_INFORMATION_FORMAT = "dwarf-with-dsym";
				ENABLE_NS_ASSERTIONS = NO;
				ENABLE_STRICT_OBJC_MSGSEND = YES;
				ENABLE_USER_SCRIPT_SANDBOXING = YES;
				GCC_C_LANGUAGE_STANDARD = gnu17;
				GCC_NO_COMMON_BLOCKS = YES;
				GCC_WARN_64_TO_32_BIT_CONVERSION = YES;
				GCC_WARN_ABOUT_RETURN_TYPE = YES_ERROR;
				GCC_WARN_UNDECLARED_SELECTOR = YES;
				GCC_WARN_UNINITIALIZED_AUTOS = YES_AGGRESSIVE;
				GCC_WARN_UNUSED_FUNCTION = YES;
				GCC_WARN_UNUSED_VARIABLE = YES;
				IPHONEOS_DEPLOYMENT_TARGET = 17.0;
				LOCALIZATION_PREFERS_STRING_CATALOGS = YES;
				MTL_ENABLE_DEBUG_INFO = NO;
				MTL_FAST_MATH = YES;
				SDKROOT = iphoneos;
				SWIFT_COMPILATION_MODE = wholemodule;
				VALIDATE_PRODUCT = YES;
			};
			name = Release;
		};
		AA5905FE2B07A7BC0098971C /* Debug */ = {
			isa = XCBuildConfiguration;
			buildSettings = {
				ASSETCATALOG_COMPILER_APPICON_NAME = AppIcon;
				ASSETCATALOG_COMPILER_GLOBAL_ACCENT_COLOR_NAME = AccentColor;
				CODE_SIGN_STYLE = Automatic;
				CURRENT_PROJECT_VERSION = 1;
				DEVELOPMENT_TEAM = AM3BMZ58QA;
				GENERATE_INFOPLIST_FILE = YES;
				INFOPLIST_FILE = "NetflixClone ProgrammaticUI/Resources/Info.plist";
				INFOPLIST_KEY_UIApplicationSupportsIndirectInputEvents = YES;
				INFOPLIST_KEY_UILaunchStoryboardName = LaunchScreen;
				INFOPLIST_KEY_UISupportedInterfaceOrientations_iPad = "UIInterfaceOrientationPortrait UIInterfaceOrientationPortraitUpsideDown UIInterfaceOrientationLandscapeLeft UIInterfaceOrientationLandscapeRight";
				INFOPLIST_KEY_UISupportedInterfaceOrientations_iPhone = "UIInterfaceOrientationPortrait UIInterfaceOrientationLandscapeLeft UIInterfaceOrientationLandscapeRight";
				LD_RUNPATH_SEARCH_PATHS = (
					"$(inherited)",
					"@executable_path/Frameworks",
				);
				MARKETING_VERSION = 1.0;
				PRODUCT_BUNDLE_IDENTIFIER = "com.berkinkoca.NetflixClone-ProgrammaticUI";
				PRODUCT_NAME = "$(TARGET_NAME)";
				SWIFT_EMIT_LOC_STRINGS = YES;
				SWIFT_VERSION = 5.0;
				TARGETED_DEVICE_FAMILY = "1,2";
			};
			name = Debug;
		};
		AA5905FF2B07A7BC0098971C /* Release */ = {
			isa = XCBuildConfiguration;
			buildSettings = {
				ASSETCATALOG_COMPILER_APPICON_NAME = AppIcon;
				ASSETCATALOG_COMPILER_GLOBAL_ACCENT_COLOR_NAME = AccentColor;
				CODE_SIGN_STYLE = Automatic;
				CURRENT_PROJECT_VERSION = 1;
				DEVELOPMENT_TEAM = AM3BMZ58QA;
				GENERATE_INFOPLIST_FILE = YES;
				INFOPLIST_FILE = "NetflixClone ProgrammaticUI/Resources/Info.plist";
				INFOPLIST_KEY_UIApplicationSupportsIndirectInputEvents = YES;
				INFOPLIST_KEY_UILaunchStoryboardName = LaunchScreen;
				INFOPLIST_KEY_UISupportedInterfaceOrientations_iPad = "UIInterfaceOrientationPortrait UIInterfaceOrientationPortraitUpsideDown UIInterfaceOrientationLandscapeLeft UIInterfaceOrientationLandscapeRight";
				INFOPLIST_KEY_UISupportedInterfaceOrientations_iPhone = "UIInterfaceOrientationPortrait UIInterfaceOrientationLandscapeLeft UIInterfaceOrientationLandscapeRight";
				LD_RUNPATH_SEARCH_PATHS = (
					"$(inherited)",
					"@executable_path/Frameworks",
				);
				MARKETING_VERSION = 1.0;
				PRODUCT_BUNDLE_IDENTIFIER = "com.berkinkoca.NetflixClone-ProgrammaticUI";
				PRODUCT_NAME = "$(TARGET_NAME)";
				SWIFT_EMIT_LOC_STRINGS = YES;
				SWIFT_VERSION = 5.0;
				TARGETED_DEVICE_FAMILY = "1,2";
			};
			name = Release;
		};
/* End XCBuildConfiguration section */

/* Begin XCConfigurationList section */
		AA5905E42B07A7BB0098971C /* Build configuration list for PBXProject "NetflixClone ProgrammaticUI" */ = {
			isa = XCConfigurationList;
			buildConfigurations = (
				AA5905FB2B07A7BC0098971C /* Debug */,
				AA5905FC2B07A7BC0098971C /* Release */,
			);
			defaultConfigurationIsVisible = 0;
			defaultConfigurationName = Release;
		};
		AA5905FD2B07A7BC0098971C /* Build configuration list for PBXNativeTarget "NetflixClone ProgrammaticUI" */ = {
			isa = XCConfigurationList;
			buildConfigurations = (
				AA5905FE2B07A7BC0098971C /* Debug */,
				AA5905FF2B07A7BC0098971C /* Release */,
			);
			defaultConfigurationIsVisible = 0;
			defaultConfigurationName = Release;
		};
/* End XCConfigurationList section */

/* Begin XCRemoteSwiftPackageReference section */
		AABBF0D42B0B37C300A0020F /* XCRemoteSwiftPackageReference "SDWebImage" */ = {
			isa = XCRemoteSwiftPackageReference;
			repositoryURL = "https://github.com/SDWebImage/SDWebImage.git";
			requirement = {
				kind = exactVersion;
				version = 5.18.5;
			};
		};
/* End XCRemoteSwiftPackageReference section */

/* Begin XCSwiftPackageProductDependency section */
		AABBF0D52B0B37C300A0020F /* SDWebImage */ = {
			isa = XCSwiftPackageProductDependency;
			package = AABBF0D42B0B37C300A0020F /* XCRemoteSwiftPackageReference "SDWebImage" */;
			productName = SDWebImage;
		};
		AABBF0D72B0B37C300A0020F /* SDWebImageMapKit */ = {
			isa = XCSwiftPackageProductDependency;
			package = AABBF0D42B0B37C300A0020F /* XCRemoteSwiftPackageReference "SDWebImage" */;
			productName = SDWebImageMapKit;
		};
/* End XCSwiftPackageProductDependency section */
	};
	rootObject = AA5905E12B07A7BB0098971C /* Project object */;
}
